
Microsoft Visual Studio Solution File, Format Version 12.00
# Visual Studio Version 17
VisualStudioVersion = 17.6.33829.357
MinimumVisualStudioVersion = 10.0.40219.1
Project("{9A19103F-16F7-4668-BE54-9A1E7A4F7556}") = "OmniSmith", "OmniSmith\OmniSmith.csproj", "{3AB32584-62D8-4AEE-B527-01A684674FB3}"
EndProject
Project("{FAE04EC0-301F-11D3-BF4B-00C04F79EFBC}") = "OmniSmith.Tests", "OmniSmith.Tests\OmniSmith.Tests.csproj", "{7A3816EA-63A5-4791-B335-753197DCE8F0}"
EndProject
Project("{F2A71F9B-5D33-465A-A702-920D77279786}") = "Rocksmith2014.Common", "..\Rocksmith2014.NET\src\Rocksmith2014.Common\Rocksmith2014.Common.fsproj", "{CB642098-A748-4B90-988E-A74AE4A9ABDA}"
EndProject
Project("{F2A71F9B-5D33-465A-A702-920D77279786}") = "Rocksmith2014.FSharpExtensions", "..\Rocksmith2014.NET\src\Rocksmith2014.FSharpExtensions\Rocksmith2014.FSharpExtensions.fsproj", "{CBAEDDC4-7384-4E8C-8F27-1D8AF14046A7}"
EndProject
Project("{F2A71F9B-5D33-465A-A702-920D77279786}") = "Rocksmith2014.PSARC", "..\Rocksmith2014.NET\src\Rocksmith2014.PSARC\Rocksmith2014.PSARC.fsproj", "{AF20EBD5-F71E-4D7C-9C01-EA7C97E8DCF6}"
EndProject
Project("{FAE04EC0-301F-11D3-BF4B-00C04F79EFBC}") = "Rocksmith2014.XML", "..\Rocksmith2014.NET\src\Rocksmith2014.XML\Rocksmith2014.XML.csproj", "{B5D4C159-6E3E-4694-90D3-D3F697A2DBE8}"
EndProject
Project("{F2A71F9B-5D33-465A-A702-920D77279786}") = "Rocksmith2014.SNG", "..\Rocksmith2014.NET\src\Rocksmith2014.SNG\Rocksmith2014.SNG.fsproj", "{EFDCD15B-0F59-4000-BA7F-D85922C9F7EE}"
EndProject
Project("{F2A71F9B-5D33-465A-A702-920D77279786}") = "Rocksmith2014.Conversion", "..\Rocksmith2014.NET\src\Rocksmith2014.Conversion\Rocksmith2014.Conversion.fsproj", "{829E896D-A572-41DB-BADD-9E695544B828}"
EndProject
Project("{F2A71F9B-5D33-465A-A702-920D77279786}") = "Rocksmith2014.XML.Extension", "..\Rocksmith2014.NET\src\Rocksmith2014.XML.Extension\Rocksmith2014.XML.Extension.fsproj", "{CEB052D3-10A4-49AD-88AC-B1E0A9D1A11F}"
EndProject
Project("{F2A71F9B-5D33-465A-A702-920D77279786}") = "Rocksmith2014.Audio", "..\Rocksmith2014.NET\src\Rocksmith2014.Audio\Rocksmith2014.Audio.fsproj", "{72E78E58-F35B-4D01-AF60-B00580E3C868}"
EndProject
Global
	GlobalSection(SolutionConfigurationPlatforms) = preSolution
		Debug|Any CPU = Debug|Any CPU
		Debug|x64 = Debug|x64
		Debug|x86 = Debug|x86
		Release|Any CPU = Release|Any CPU
		Release|x64 = Release|x64
		Release|x86 = Release|x86
	EndGlobalSection
	GlobalSection(ProjectConfigurationPlatforms) = postSolution
		{3AB32584-62D8-4AEE-B527-01A684674FB3}.Debug|Any CPU.ActiveCfg = Debug|x64
		{3AB32584-62D8-4AEE-B527-01A684674FB3}.Debug|Any CPU.Build.0 = Debug|x64
		{3AB32584-62D8-4AEE-B527-01A684674FB3}.Debug|x64.ActiveCfg = Debug|x64
		{3AB32584-62D8-4AEE-B527-01A684674FB3}.Debug|x64.Build.0 = Debug|x64
		{3AB32584-62D8-4AEE-B527-01A684674FB3}.Debug|x86.ActiveCfg = Debug|x64
		{3AB32584-62D8-4AEE-B527-01A684674FB3}.Release|Any CPU.ActiveCfg = Release|x64
		{3AB32584-62D8-4AEE-B527-01A684674FB3}.Release|Any CPU.Build.0 = Release|x64
		{3AB32584-62D8-4AEE-B527-01A684674FB3}.Release|x64.ActiveCfg = Release|x64
		{3AB32584-62D8-4AEE-B527-01A684674FB3}.Release|x64.Build.0 = Release|x64
		{3AB32584-62D8-4AEE-B527-01A684674FB3}.Release|x86.ActiveCfg = Release|x64
		{7A3816EA-63A5-4791-B335-753197DCE8F0}.Debug|Any CPU.ActiveCfg = Debug|Any CPU
		{7A3816EA-63A5-4791-B335-753197DCE8F0}.Debug|Any CPU.Build.0 = Debug|Any CPU
		{7A3816EA-63A5-4791-B335-753197DCE8F0}.Debug|x64.ActiveCfg = Debug|Any CPU
		{7A3816EA-63A5-4791-B335-753197DCE8F0}.Debug|x64.Build.0 = Debug|Any CPU
		{7A3816EA-63A5-4791-B335-753197DCE8F0}.Debug|x86.ActiveCfg = Debug|Any CPU
		{7A3816EA-63A5-4791-B335-753197DCE8F0}.Debug|x86.Build.0 = Debug|Any CPU
		{7A3816EA-63A5-4791-B335-753197DCE8F0}.Release|Any CPU.ActiveCfg = Release|Any CPU
		{7A3816EA-63A5-4791-B335-753197DCE8F0}.Release|Any CPU.Build.0 = Release|Any CPU
		{7A3816EA-63A5-4791-B335-753197DCE8F0}.Release|x64.ActiveCfg = Release|Any CPU
		{7A3816EA-63A5-4791-B335-753197DCE8F0}.Release|x64.Build.0 = Release|Any CPU
		{7A3816EA-63A5-4791-B335-753197DCE8F0}.Release|x86.ActiveCfg = Release|Any CPU
		{7A3816EA-63A5-4791-B335-753197DCE8F0}.Release|x86.Build.0 = Release|Any CPU
		{CB642098-A748-4B90-988E-A74AE4A9ABDA}.Debug|Any CPU.ActiveCfg = Debug|x64
		{CB642098-A748-4B90-988E-A74AE4A9ABDA}.Debug|Any CPU.Build.0 = Debug|x64
		{CB642098-A748-4B90-988E-A74AE4A9ABDA}.Debug|x64.ActiveCfg = Debug|x64
		{CB642098-A748-4B90-988E-A74AE4A9ABDA}.Debug|x64.Build.0 = Debug|x64
		{CB642098-A748-4B90-988E-A74AE4A9ABDA}.Debug|x86.ActiveCfg = Debug|x64
		{CB642098-A748-4B90-988E-A74AE4A9ABDA}.Debug|x86.Build.0 = Debug|x64
		{CB642098-A748-4B90-988E-A74AE4A9ABDA}.Release|Any CPU.ActiveCfg = Release|x64
		{CB642098-A748-4B90-988E-A74AE4A9ABDA}.Release|Any CPU.Build.0 = Release|x64
		{CB642098-A748-4B90-988E-A74AE4A9ABDA}.Release|x64.ActiveCfg = Release|x64
		{CB642098-A748-4B90-988E-A74AE4A9ABDA}.Release|x64.Build.0 = Release|x64
		{CB642098-A748-4B90-988E-A74AE4A9ABDA}.Release|x86.ActiveCfg = Release|x64
		{CB642098-A748-4B90-988E-A74AE4A9ABDA}.Release|x86.Build.0 = Release|x64
		{CBAEDDC4-7384-4E8C-8F27-1D8AF14046A7}.Debug|Any CPU.ActiveCfg = Debug|x64
		{CBAEDDC4-7384-4E8C-8F27-1D8AF14046A7}.Debug|Any CPU.Build.0 = Debug|x64
		{CBAEDDC4-7384-4E8C-8F27-1D8AF14046A7}.Debug|x64.ActiveCfg = Debug|x64
		{CBAEDDC4-7384-4E8C-8F27-1D8AF14046A7}.Debug|x64.Build.0 = Debug|x64
		{CBAEDDC4-7384-4E8C-8F27-1D8AF14046A7}.Debug|x86.ActiveCfg = Debug|x64
		{CBAEDDC4-7384-4E8C-8F27-1D8AF14046A7}.Debug|x86.Build.0 = Debug|x64
		{CBAEDDC4-7384-4E8C-8F27-1D8AF14046A7}.Release|Any CPU.ActiveCfg = Release|x64
		{CBAEDDC4-7384-4E8C-8F27-1D8AF14046A7}.Release|Any CPU.Build.0 = Release|x64
		{CBAEDDC4-7384-4E8C-8F27-1D8AF14046A7}.Release|x64.ActiveCfg = Release|x64
		{CBAEDDC4-7384-4E8C-8F27-1D8AF14046A7}.Release|x64.Build.0 = Release|x64
		{CBAEDDC4-7384-4E8C-8F27-1D8AF14046A7}.Release|x86.ActiveCfg = Release|x64
		{CBAEDDC4-7384-4E8C-8F27-1D8AF14046A7}.Release|x86.Build.0 = Release|x64
		{AF20EBD5-F71E-4D7C-9C01-EA7C97E8DCF6}.Debug|Any CPU.ActiveCfg = Debug|x64
		{AF20EBD5-F71E-4D7C-9C01-EA7C97E8DCF6}.Debug|Any CPU.Build.0 = Debug|x64
		{AF20EBD5-F71E-4D7C-9C01-EA7C97E8DCF6}.Debug|x64.ActiveCfg = Debug|x64
		{AF20EBD5-F71E-4D7C-9C01-EA7C97E8DCF6}.Debug|x64.Build.0 = Debug|x64
		{AF20EBD5-F71E-4D7C-9C01-EA7C97E8DCF6}.Debug|x86.ActiveCfg = Debug|x64
		{AF20EBD5-F71E-4D7C-9C01-EA7C97E8DCF6}.Debug|x86.Build.0 = Debug|x64
		{AF20EBD5-F71E-4D7C-9C01-EA7C97E8DCF6}.Release|Any CPU.ActiveCfg = Release|x64
		{AF20EBD5-F71E-4D7C-9C01-EA7C97E8DCF6}.Release|Any CPU.Build.0 = Release|x64
		{AF20EBD5-F71E-4D7C-9C01-EA7C97E8DCF6}.Release|x64.ActiveCfg = Release|x64
		{AF20EBD5-F71E-4D7C-9C01-EA7C97E8DCF6}.Release|x64.Build.0 = Release|x64
		{AF20EBD5-F71E-4D7C-9C01-EA7C97E8DCF6}.Release|x86.ActiveCfg = Release|x64
		{AF20EBD5-F71E-4D7C-9C01-EA7C97E8DCF6}.Release|x86.Build.0 = Release|x64
		{B5D4C159-6E3E-4694-90D3-D3F697A2DBE8}.Debug|Any CPU.ActiveCfg = Debug|Any CPU
		{B5D4C159-6E3E-4694-90D3-D3F697A2DBE8}.Debug|Any CPU.Build.0 = Debug|Any CPU
		{B5D4C159-6E3E-4694-90D3-D3F697A2DBE8}.Debug|x64.ActiveCfg = Debug|x64
		{B5D4C159-6E3E-4694-90D3-D3F697A2DBE8}.Debug|x64.Build.0 = Debug|x64
		{B5D4C159-6E3E-4694-90D3-D3F697A2DBE8}.Debug|x86.ActiveCfg = Debug|Any CPU
		{B5D4C159-6E3E-4694-90D3-D3F697A2DBE8}.Debug|x86.Build.0 = Debug|Any CPU
		{B5D4C159-6E3E-4694-90D3-D3F697A2DBE8}.Release|Any CPU.ActiveCfg = Release|Any CPU
		{B5D4C159-6E3E-4694-90D3-D3F697A2DBE8}.Release|Any CPU.Build.0 = Release|Any CPU
		{B5D4C159-6E3E-4694-90D3-D3F697A2DBE8}.Release|x64.ActiveCfg = Release|x64
		{B5D4C159-6E3E-4694-90D3-D3F697A2DBE8}.Release|x64.Build.0 = Release|x64
		{B5D4C159-6E3E-4694-90D3-D3F697A2DBE8}.Release|x86.ActiveCfg = Release|Any CPU
		{B5D4C159-6E3E-4694-90D3-D3F697A2DBE8}.Release|x86.Build.0 = Release|Any CPU
		{EFDCD15B-0F59-4000-BA7F-D85922C9F7EE}.Debug|Any CPU.ActiveCfg = Debug|x64
		{EFDCD15B-0F59-4000-BA7F-D85922C9F7EE}.Debug|Any CPU.Build.0 = Debug|x64
		{EFDCD15B-0F59-4000-BA7F-D85922C9F7EE}.Debug|x64.ActiveCfg = Debug|x64
		{EFDCD15B-0F59-4000-BA7F-D85922C9F7EE}.Debug|x64.Build.0 = Debug|x64
		{EFDCD15B-0F59-4000-BA7F-D85922C9F7EE}.Debug|x86.ActiveCfg = Debug|x64
		{EFDCD15B-0F59-4000-BA7F-D85922C9F7EE}.Debug|x86.Build.0 = Debug|x64
		{EFDCD15B-0F59-4000-BA7F-D85922C9F7EE}.Release|Any CPU.ActiveCfg = Release|x64
		{EFDCD15B-0F59-4000-BA7F-D85922C9F7EE}.Release|Any CPU.Build.0 = Release|x64
		{EFDCD15B-0F59-4000-BA7F-D85922C9F7EE}.Release|x64.ActiveCfg = Release|x64
		{EFDCD15B-0F59-4000-BA7F-D85922C9F7EE}.Release|x64.Build.0 = Release|x64
		{EFDCD15B-0F59-4000-BA7F-D85922C9F7EE}.Release|x86.ActiveCfg = Release|x64
		{EFDCD15B-0F59-4000-BA7F-D85922C9F7EE}.Release|x86.Build.0 = Release|x64
		{829E896D-A572-41DB-BADD-9E695544B828}.Debug|Any CPU.ActiveCfg = Debug|x64
		{829E896D-A572-41DB-BADD-9E695544B828}.Debug|Any CPU.Build.0 = Debug|x64
		{829E896D-A572-41DB-BADD-9E695544B828}.Debug|x64.ActiveCfg = Debug|x64
		{829E896D-A572-41DB-BADD-9E695544B828}.Debug|x64.Build.0 = Debug|x64
		{829E896D-A572-41DB-BADD-9E695544B828}.Debug|x86.ActiveCfg = Debug|x64
		{829E896D-A572-41DB-BADD-9E695544B828}.Debug|x86.Build.0 = Debug|x64
		{829E896D-A572-41DB-BADD-9E695544B828}.Release|Any CPU.ActiveCfg = Release|x64
		{829E896D-A572-41DB-BADD-9E695544B828}.Release|Any CPU.Build.0 = Release|x64
		{829E896D-A572-41DB-BADD-9E695544B828}.Release|x64.ActiveCfg = Release|x64
		{829E896D-A572-41DB-BADD-9E695544B828}.Release|x64.Build.0 = Release|x64
		{829E896D-A572-41DB-BADD-9E695544B828}.Release|x86.ActiveCfg = Release|x64
		{829E896D-A572-41DB-BADD-9E695544B828}.Release|x86.Build.0 = Release|x64
		{CEB052D3-10A4-49AD-88AC-B1E0A9D1A11F}.Debug|Any CPU.ActiveCfg = Debug|x64
		{CEB052D3-10A4-49AD-88AC-B1E0A9D1A11F}.Debug|Any CPU.Build.0 = Debug|x64
		{CEB052D3-10A4-49AD-88AC-B1E0A9D1A11F}.Debug|x64.ActiveCfg = Debug|x64
		{CEB052D3-10A4-49AD-88AC-B1E0A9D1A11F}.Debug|x64.Build.0 = Debug|x64
		{CEB052D3-10A4-49AD-88AC-B1E0A9D1A11F}.Debug|x86.ActiveCfg = Debug|x64
		{CEB052D3-10A4-49AD-88AC-B1E0A9D1A11F}.Debug|x86.Build.0 = Debug|x64
		{CEB052D3-10A4-49AD-88AC-B1E0A9D1A11F}.Release|Any CPU.ActiveCfg = Release|x64
		{CEB052D3-10A4-49AD-88AC-B1E0A9D1A11F}.Release|Any CPU.Build.0 = Release|x64
		{CEB052D3-10A4-49AD-88AC-B1E0A9D1A11F}.Release|x64.ActiveCfg = Release|x64
		{CEB052D3-10A4-49AD-88AC-B1E0A9D1A11F}.Release|x64.Build.0 = Release|x64
		{CEB052D3-10A4-49AD-88AC-B1E0A9D1A11F}.Release|x86.ActiveCfg = Release|x64
		{CEB052D3-10A4-49AD-88AC-B1E0A9D1A11F}.Release|x86.Build.0 = Release|x64
		{72E78E58-F35B-4D01-AF60-B00580E3C868}.Debug|Any CPU.ActiveCfg = Debug|x64
		{72E78E58-F35B-4D01-AF60-B00580E3C868}.Debug|Any CPU.Build.0 = Debug|x64
		{72E78E58-F35B-4D01-AF60-B00580E3C868}.Debug|x64.ActiveCfg = Debug|x64
		{72E78E58-F35B-4D01-AF60-B00580E3C868}.Debug|x64.Build.0 = Debug|x64
		{72E78E58-F35B-4D01-AF60-B00580E3C868}.Debug|x86.ActiveCfg = Debug|x64
		{72E78E58-F35B-4D01-AF60-B00580E3C868}.Debug|x86.Build.0 = Debug|x64
		{72E78E58-F35B-4D01-AF60-B00580E3C868}.Release|Any CPU.ActiveCfg = Release|x64
		{72E78E58-F35B-4D01-AF60-B00580E3C868}.Release|Any CPU.Build.0 = Release|x64
		{72E78E58-F35B-4D01-AF60-B00580E3C868}.Release|x64.ActiveCfg = Release|x64
		{72E78E58-F35B-4D01-AF60-B00580E3C868}.Release|x64.Build.0 = Release|x64
		{72E78E58-F35B-4D01-AF60-B00580E3C868}.Release|x86.ActiveCfg = Release|x64
		{72E78E58-F35B-4D01-AF60-B00580E3C868}.Release|x86.Build.0 = Release|x64
	EndGlobalSection
	GlobalSection(SolutionProperties) = preSolution
		HideSolutionNode = FALSE
	EndGlobalSection
	GlobalSection(ExtensibilityGlobals) = postSolution
		SolutionGuid = {3DB02CC9-2914-472F-8DB5-C5383AED5345}
	EndGlobalSection
EndGlobal
